{
    "_readme": [
        "This file locks the dependencies of your project to a known state",
        "Read more about it at https://getcomposer.org/doc/01-basic-usage.md#installing-dependencies",
        "This file is @generated automatically"
    ],
    "content-hash": "3a5eba1ca0d3cf0f8de38ea8ac7ab06e",
    "packages": [
        {
            "name": "pj8912/php-bard-api",
            "version": "1.0.0",
            "source": {
                "type": "git",
                "url": "https://github.com/pj8912/php-bard-api.git",
                "reference": "a2bfb399b3ae556e1ef76e7e9d12d1c73ac334c6"
            },
            "dist": {
                "type": "zip",
                "url": "https://api.github.com/repos/pj8912/php-bard-api/zipball/a2bfb399b3ae556e1ef76e7e9d12d1c73ac334c6",
                "reference": "a2bfb399b3ae556e1ef76e7e9d12d1c73ac334c6",
                "shasum": ""
            },
            "require": {
                "php": "^8.1"
            },
            "type": "library",
            "autoload": {
                "psr-4": {
                    "Pj8912\\PhpBardApi\\": "src/"
                }
            },
            "notification-url": "https://packagist.org/downloads/",
            "license": [
                "MIT"
            ],
            "authors": [
                {
                    "name": "pj8912",
                    "email": "jpintofun2b@gmail.com"
                }
            ],
            "description": "A PHP package for interacting with the Bard API",
            "support": {
                "issues": "https://github.com/pj8912/php-bard-api/issues",
                "source": "https://github.com/pj8912/php-bard-api/tree/1.0.0"
            },
            "time": "2023-05-18T00:26:13+00:00"
        }
    ],
    "packages-dev": [],
    "aliases": [],
    "minimum-stability": "stable",
    "stability-flags": [],
    "prefer-stable": false,
    "prefer-lowest": false,
    "platform": [],
    "platform-dev": [],
    "plugin-api-version": "2.2.0"
}
